
Microsoft Visual Studio Solution File, Format Version 12.00
# Visual Studio Version 17
VisualStudioVersion = 17.3.32901.215
MinimumVisualStudioVersion = 10.0.40219.1
Project("{FAE04EC0-301F-11D3-BF4B-00C04F79EFBC}") = "oefening1", "oefening1\oefening1.csproj", "{FBAEE24D-0ADC-40A6-89C6-5A8B3BFBBFC9}"
EndProject
Project("{FAE04EC0-301F-11D3-BF4B-00C04F79EFBC}") = "oefening2", "oefening2\oefening2.csproj", "{30FC0C81-620D-42BE-9C93-8A0903F948BB}"
EndProject
Global
	GlobalSection(SolutionConfigurationPlatforms) = preSolution
		Debug|Any CPU = Debug|Any CPU
		Release|Any CPU = Release|Any CPU
	EndGlobalSection
	GlobalSection(ProjectConfigurationPlatforms) = postSolution
		{FBAEE24D-0ADC-40A6-89C6-5A8B3BFBBFC9}.Debug|Any CPU.ActiveCfg = Debug|Any CPU
		{FBAEE24D-0ADC-40A6-89C6-5A8B3BFBBFC9}.Debug|Any CPU.Build.0 = Debug|Any CPU
		{FBAEE24D-0ADC-40A6-89C6-5A8B3BFBBFC9}.Release|Any CPU.ActiveCfg = Release|Any CPU
		{FBAEE24D-0ADC-40A6-89C6-5A8B3BFBBFC9}.Release|Any CPU.Build.0 = Release|Any CPU
		{30FC0C81-620D-42BE-9C93-8A0903F948BB}.Debug|Any CPU.ActiveCfg = Debug|Any CPU
		{30FC0C81-620D-42BE-9C93-8A0903F948BB}.Debug|Any CPU.Build.0 = Debug|Any CPU
		{30FC0C81-620D-42BE-9C93-8A0903F948BB}.Release|Any CPU.ActiveCfg = Release|Any CPU
		{30FC0C81-620D-42BE-9C93-8A0903F948BB}.Release|Any CPU.Build.0 = Release|Any CPU
	EndGlobalSection
	GlobalSection(SolutionProperties) = preSolution
		HideSolutionNode = FALSE
	EndGlobalSection
	GlobalSection(ExtensibilityGlobals) = postSolution
		SolutionGuid = {E37E1815-205B-4888-ABE7-6A20D739FD51}
	EndGlobalSection
EndGlobal
